<?xml version="1.0" encoding="utf-8"?>
<Project ToolsVersion="4.0" xmlns="http://schemas.microsoft.com/developer/msbuild/2003">
  <ItemGroup>
    <Filter Include="源文件">
      <UniqueIdentifier>{4FC737F1-C7A5-4376-A066-2A32D752A2FF}</UniqueIdentifier>
      <Extensions>cpp;c;cc;cxx;c++;cppm;ixx;def;odl;idl;hpj;bat;asm;asmx</Extensions>
    </Filter>
    <Filter Include="头文件">
      <UniqueIdentifier>{93995380-89BD-4b04-88EB-625FBE52EBFB}</UniqueIdentifier>
      <Extensions>h;hh;hpp;hxx;h++;hm;inl;inc;ipp;xsd</Extensions>
    </Filter>
    <Filter Include="资源文件">
      <UniqueIdentifier>{67DA6AB6-F800-4c08-8B7A-83BB121AAD01}</UniqueIdentifier>
      <Extensions>rc;ico;cur;bmp;dlg;rc2;rct;bin;rgs;gif;jpg;jpeg;jpe;resx;tiff;tif;png;wav;mfcribbon-ms</Extensions>
    </Filter>
  </ItemGroup>
  <ItemGroup>
    <ClInclude Include="menu.h">
      <Filter>头文件</Filter>
    </ClInclude>
    <ClInclude Include="global.h">
      <Filter>头文件</Filter>
    </ClInclude>
    <ClInclude Include="ege.h">
      <Filter>头文件</Filter>
    </ClInclude>
    <ClInclude Include="graphics.h">
      <Filter>头文件</Filter>
    </ClInclude>
    <ClInclude Include="ege\button.h">
      <Filter>头文件</Filter>
    </ClInclude>
    <ClInclude Include="ege\egecontrolbase.h">
      <Filter>头文件</Filter>
    </ClInclude>
    <ClInclude Include="ege\fps.h">
      <Filter>头文件</Filter>
    </ClInclude>
    <ClInclude Include="ege\label.h">
      <Filter>头文件</Filter>
    </ClInclude>
    <ClInclude Include="ege\sys_edit.h">
      <Filter>头文件</Filter>
    </ClInclude>
    <ClInclude Include="load_screen.h">
      <Filter>头文件</Filter>
    </ClInclude>
    <ClInclude Include="headers.h">
      <Filter>头文件</Filter>
    </ClInclude>
    <ClInclude Include="collider.h">
      <Filter>头文件</Filter>
    </ClInclude>
    <ClInclude Include="camera.h">
      <Filter>头文件</Filter>
    </ClInclude>
    <ClInclude Include="level.h">
      <Filter>头文件</Filter>
    </ClInclude>
    <ClInclude Include="brick.h">
      <Filter>头文件</Filter>
    </ClInclude>
    <ClInclude Include="dirent.h">
      <Filter>头文件</Filter>
    </ClInclude>
    <ClInclude Include="mario.h">
      <Filter>头文件</Filter>
    </ClInclude>
    <ClInclude Include="keymsg.h">
      <Filter>头文件</Filter>
    </ClInclude>
    <ClInclude Include="chestnut.h">
      <Filter>头文件</Filter>
    </ClInclude>
    <ClInclude Include="musicplayer.h">
      <Filter>头文件</Filter>
    </ClInclude>
    <ClInclude Include="flagpole.h">
      <Filter>头文件</Filter>
    </ClInclude>
    <ClInclude Include="freeze_block.h">
      <Filter>头文件</Filter>
    </ClInclude>
    <ClInclude Include="mushroom.h">
      <Filter>头文件</Filter>
    </ClInclude>
    <ClInclude Include="question_block.h">
      <Filter>头文件</Filter>
    </ClInclude>
    <ClInclude Include="add_score.h">
      <Filter>头文件</Filter>
    </ClInclude>
    <ClInclude Include="coin.h">
      <Filter>头文件</Filter>
    </ClInclude>
    <ClInclude Include="tortoise.h">
      <Filter>头文件</Filter>
    </ClInclude>
    <ClInclude Include="death_animation.h">
      <Filter>头文件</Filter>
    </ClInclude>
    <ClInclude Include="flower.h">
      <Filter>头文件</Filter>
    </ClInclude>
    <ClInclude Include="mario_fire.h">
      <Filter>头文件</Filter>
    </ClInclude>
    <ClInclude Include="star.h">
      <Filter>头文件</Filter>
    </ClInclude>
  </ItemGroup>
  <ItemGroup>
    <ClCompile Include="main.cpp">
      <Filter>源文件</Filter>
    </ClCompile>
    <ClCompile Include="menu.cpp">
      <Filter>源文件</Filter>
    </ClCompile>
    <ClCompile Include="global.cpp">
      <Filter>源文件</Filter>
    </ClCompile>
    <ClCompile Include="load_screen.cpp">
      <Filter>源文件</Filter>
    </ClCompile>
    <ClCompile Include="headers.cpp">
      <Filter>源文件</Filter>
    </ClCompile>
    <ClCompile Include="collider.cpp">
      <Filter>源文件</Filter>
    </ClCompile>
    <ClCompile Include="camera.cpp">
      <Filter>源文件</Filter>
    </ClCompile>
    <ClCompile Include="level.cpp">
      <Filter>源文件</Filter>
    </ClCompile>
    <ClCompile Include="brick.cpp">
      <Filter>源文件</Filter>
    </ClCompile>
    <ClCompile Include="mario.cpp">
      <Filter>源文件</Filter>
    </ClCompile>
    <ClCompile Include="keymsg.cpp">
      <Filter>源文件</Filter>
    </ClCompile>
    <ClCompile Include="chestnut.cpp">
      <Filter>源文件</Filter>
    </ClCompile>
    <ClCompile Include="musicplayer.cpp">
      <Filter>源文件</Filter>
    </ClCompile>
    <ClCompile Include="flagpole.cpp">
      <Filter>源文件</Filter>
    </ClCompile>
    <ClCompile Include="freeze_block.cpp">
      <Filter>源文件</Filter>
    </ClCompile>
    <ClCompile Include="mushroom.cpp">
      <Filter>源文件</Filter>
    </ClCompile>
    <ClCompile Include="question_block.cpp">
      <Filter>源文件</Filter>
    </ClCompile>
    <ClCompile Include="add_score.cpp">
      <Filter>源文件</Filter>
    </ClCompile>
    <ClCompile Include="coin.cpp">
      <Filter>源文件</Filter>
    </ClCompile>
    <ClCompile Include="tortoise.cpp">
      <Filter>源文件</Filter>
    </ClCompile>
    <ClCompile Include="death_animation.cpp">
      <Filter>源文件</Filter>
    </ClCompile>
    <ClCompile Include="flower.cpp">
      <Filter>源文件</Filter>
    </ClCompile>
    <ClCompile Include="mario_fire.cpp">
      <Filter>源文件</Filter>
    </ClCompile>
    <ClCompile Include="star.cpp">
      <Filter>源文件</Filter>
    </ClCompile>
  </ItemGroup>
  <ItemGroup>
    <Text Include="graphics.txt">
      <Filter>资源文件</Filter>
    </Text>
  </ItemGroup>
  <ItemGroup>
    <None Include="readme.md">
      <Filter>资源文件</Filter>
    </None>
  </ItemGroup>
</Project>